
Microsoft Visual Studio Solution File, Format Version 12.00
# Visual Studio Version 17
VisualStudioVersion = 17.5.002.0
MinimumVisualStudioVersion = 10.0.40219.1
Project("{9A19103F-16F7-4668-BE54-9A1E7A4F7556}") = "Todo", "Todo.csproj", "{89FE42DA-0EB2-47F3-9D62-8F7E736AFBAF}"
EndProject
Global
	GlobalSection(SolutionConfigurationPlatforms) = preSolution
		Debug|Any CPU = Debug|Any CPU
		Release|Any CPU = Release|Any CPU
	EndGlobalSection
	GlobalSection(ProjectConfigurationPlatforms) = postSolution
		{89FE42DA-0EB2-47F3-9D62-8F7E736AFBAF}.Debug|Any CPU.ActiveCfg = Debug|Any CPU
		{89FE42DA-0EB2-47F3-9D62-8F7E736AFBAF}.Debug|Any CPU.Build.0 = Debug|Any CPU
		{89FE42DA-0EB2-47F3-9D62-8F7E736AFBAF}.Release|Any CPU.ActiveCfg = Release|Any CPU
		{89FE42DA-0EB2-47F3-9D62-8F7E736AFBAF}.Release|Any CPU.Build.0 = Release|Any CPU
	EndGlobalSection
	GlobalSection(SolutionProperties) = preSolution
		HideSolutionNode = FALSE
	EndGlobalSection
	GlobalSection(ExtensibilityGlobals) = postSolution
		SolutionGuid = {B146F3AA-21CC-499E-B37E-FC93C613151C}
	EndGlobalSection
EndGlobal
